dependencies:
  idf:
    source:
      type: idf
    version: 5.4.2
  led_strip:
    dependencies: []
    source:
      path: /home/ufi/programming/The-One-Ring/components/led_strip
      type: local
    version: 3.0.1~1
  vgerwen/lcd1602:
    component_hash: ea0c4eb9d677b8fea81794b9ec6d8e71557261effeebb11cc5a0695b6687ffdd
    dependencies:
    - name: idf
      require: private
      version: '>=4.4.0'
    source:
      registry_url: https://components.espressif.com/
      type: service
    version: 1.1.0
direct_dependencies:
- espressif/led_strip
- idf
- vgerwen/lcd1602
manifest_hash: 0342cfcc9cdcaa72a0b1c0384fb6a245e56876e8624fa322906a98ab1955a101
target: esp32
version: 2.0.0
